// !$*UTF8*$!
{
	archiveVersion = 1;
	classes = {
	};
	objectVersion = 60;
	objects = {

/* Begin PBXBuildFile section */
		3003F7D62FBD9FB10058EE20 /* NetworkAvailability.swift in Sources */ = {isa = PBXBuildFile; fileRef = 3003F7CD2FBD9FB10058EE20 /* NetworkAvailability.swift */; };
		3003F7D72FBD9FB10058EE20 /* NotificationPermissionView.swift in Sources */ = {isa = PBXBuildFile; fileRef = 3003F7D02FBD9FB10058EE20 /* NotificationPermissionView.swift */; };
		3003F7D82FBD9FB10058EE20 /* NotificationPermissionManager.swift in Sources */ = {isa = PBXBuildFile; fileRef = 3003F7CF2FBD9FB10058EE20 /* NotificationPermissionManager.swift */; };
		3003F7D92FBD9FB10058EE20 /* WebviewVC.swift in Sources */ = {isa = PBXBuildFile; fileRef = 3003F7D42FBD9FB10058EE20 /* WebviewVC.swift */; };
		3003F7DA2FBD9FB10058EE20 /* LoadingManager.swift in Sources */ = {isa = PBXBuildFile; fileRef = 3003F7CA2FBD9FB10058EE20 /* LoadingManager.swift */; };
		3003F7DB2FBD9FB10058EE20 /* NoInternetView.swift in Sources */ = {isa = PBXBuildFile; fileRef = 3003F7CE2FBD9FB10058EE20 /* NoInternetView.swift */; };
		3003F7DC2FBD9FB10058EE20 /* PushNotificationURLRouter.swift in Sources */ = {isa = PBXBuildFile; fileRef = 3003F7D22FBD9FB10058EE20 /* PushNotificationURLRouter.swift */; };
		3003F7DD2FBD9FB10058EE20 /* ConfigManager.swift in Sources */ = {isa = PBXBuildFile; fileRef = 3003F7C92FBD9FB10058EE20 /* ConfigManager.swift */; };
		3003F7DE2FBD9FB10058EE20 /* NotificationPermissionViewController.swift in Sources */ = {isa = PBXBuildFile; fileRef = 3003F7D12FBD9FB10058EE20 /* NotificationPermissionViewController.swift */; };
		3003F7DF2FBD9FB10058EE20 /* LoadingViewController.swift in Sources */ = {isa = PBXBuildFile; fileRef = 3003F7CC2FBD9FB10058EE20 /* LoadingViewController.swift */; };
		3003F7E02FBD9FB10058EE20 /* LoadingView.swift in Sources */ = {isa = PBXBuildFile; fileRef = 3003F7CB2FBD9FB10058EE20 /* LoadingView.swift */; };
		3003F7E12FBD9FB10058EE20 /* AppsFlyerManager.swift in Sources */ = {isa = PBXBuildFile; fileRef = 3003F7C82FBD9FB10058EE20 /* AppsFlyerManager.swift */; };
		3003F7E22FBD9FB10058EE20 /* UserAgentBuilder.swift in Sources */ = {isa = PBXBuildFile; fileRef = 3003F7D32FBD9FB10058EE20 /* UserAgentBuilder.swift */; };
		3003F7E52FBD9FCB0058EE20 /* AppsFlyerLib-Static in Frameworks */ = {isa = PBXBuildFile; productRef = 3003F7E42FBD9FCB0058EE20 /* AppsFlyerLib-Static */; };
		3003F7E82FBDA1350058EE20 /* FirebaseMessaging in Frameworks */ = {isa = PBXBuildFile; productRef = 3003F7E72FBDA1350058EE20 /* FirebaseMessaging */; };
		3003F7F42FBDA1410058EE20 /* NotificationServiceExtension.appex in Embed Foundation Extensions */ = {isa = PBXBuildFile; fileRef = 3003F7ED2FBDA1410058EE20 /* NotificationServiceExtension.appex */; settings = {ATTRIBUTES = (RemoveHeadersOnCopy, ); }; };
		3003F7FB2FBDA1530058EE20 /* FirebaseMessaging in Frameworks */ = {isa = PBXBuildFile; productRef = 3003F7FA2FBDA1530058EE20 /* FirebaseMessaging */; };
		3003F8002FBDA1B80058EE20 /* NotificationService.swift in Sources */ = {isa = PBXBuildFile; fileRef = 3003F7FE2FBDA1B80058EE20 /* NotificationService.swift */; };
		3003F80E2FBDACF10058EE20 /* GoogleService-Info.plist in Resources */ = {isa = PBXBuildFile; fileRef = 3003F80D2FBDACF00058EE20 /* GoogleService-Info.plist */; };
		300F874A2FB60FB500A41BC2 /* privacy_policy.md in Resources */ = {isa = PBXBuildFile; fileRef = 300F873D2FB60FB500A41BC2 /* privacy_policy.md */; };
		300F874B2FB60FB500A41BC2 /* Assets.xcassets in Resources */ = {isa = PBXBuildFile; fileRef = 300F87402FB60FB500A41BC2 /* Assets.xcassets */; };
		300F874D2FB60FB500A41BC2 /* LaunchScreen.storyboard in Resources */ = {isa = PBXBuildFile; fileRef = 300F87442FB60FB500A41BC2 /* LaunchScreen.storyboard */; };
		300F874E2FB60FB500A41BC2 /* Main.storyboard in Resources */ = {isa = PBXBuildFile; fileRef = 300F87462FB60FB500A41BC2 /* Main.storyboard */; };
		300F874F2FB60FB500A41BC2 /* AchievementBannerHost.swift in Sources */ = {isa = PBXBuildFile; fileRef = 300F87052FB60FB500A41BC2 /* AchievementBannerHost.swift */; };
		300F87502FB60FB500A41BC2 /* AppSearchBar.swift in Sources */ = {isa = PBXBuildFile; fileRef = 300F87062FB60FB500A41BC2 /* AppSearchBar.swift */; };
		300F87512FB60FB500A41BC2 /* EmptyHero.swift in Sources */ = {isa = PBXBuildFile; fileRef = 300F87072FB60FB500A41BC2 /* EmptyHero.swift */; };
		300F87522FB60FB500A41BC2 /* StyledListRows.swift in Sources */ = {isa = PBXBuildFile; fileRef = 300F87082FB60FB500A41BC2 /* StyledListRows.swift */; };
		300F87532FB60FB500A41BC2 /* AchievementBus.swift in Sources */ = {isa = PBXBuildFile; fileRef = 300F870A2FB60FB500A41BC2 /* AchievementBus.swift */; };
		300F87542FB60FB500A41BC2 /* AchievementModels.swift in Sources */ = {isa = PBXBuildFile; fileRef = 300F870B2FB60FB500A41BC2 /* AchievementModels.swift */; };
		300F87552FB60FB500A41BC2 /* AppExternalLink.swift in Sources */ = {isa = PBXBuildFile; fileRef = 300F870D2FB60FB500A41BC2 /* AppExternalLink.swift */; };
		300F87562FB60FB500A41BC2 /* AppStorage.swift in Sources */ = {isa = PBXBuildFile; fileRef = 300F870F2FB60FB500A41BC2 /* AppStorage.swift */; };
		300F87572FB60FB500A41BC2 /* RecipeRepository.swift in Sources */ = {isa = PBXBuildFile; fileRef = 300F87112FB60FB500A41BC2 /* RecipeRepository.swift */; };
		300F87582FB60FB500A41BC2 /* FeedbackService.swift in Sources */ = {isa = PBXBuildFile; fileRef = 300F87132FB60FB500A41BC2 /* FeedbackService.swift */; };
		300F87592FB60FB500A41BC2 /* DishTimerModel.swift in Sources */ = {isa = PBXBuildFile; fileRef = 300F87152FB60FB500A41BC2 /* DishTimerModel.swift */; };
		300F875A2FB60FB500A41BC2 /* GroceryItem.swift in Sources */ = {isa = PBXBuildFile; fileRef = 300F87162FB60FB500A41BC2 /* GroceryItem.swift */; };
		300F875B2FB60FB500A41BC2 /* Recipe.swift in Sources */ = {isa = PBXBuildFile; fileRef = 300F87172FB60FB500A41BC2 /* Recipe.swift */; };
		300F875C2FB60FB500A41BC2 /* NotificationName+App.swift in Sources */ = {isa = PBXBuildFile; fileRef = 300F87192FB60FB500A41BC2 /* NotificationName+App.swift */; };
		300F875D2FB60FB500A41BC2 /* AppChromeBackground.swift in Sources */ = {isa = PBXBuildFile; fileRef = 300F871C2FB60FB500A41BC2 /* AppChromeBackground.swift */; };
		300F875E2FB60FB500A41BC2 /* AppDepth.swift in Sources */ = {isa = PBXBuildFile; fileRef = 300F871D2FB60FB500A41BC2 /* AppDepth.swift */; };
		300F875F2FB60FB500A41BC2 /* Color+App.swift in Sources */ = {isa = PBXBuildFile; fileRef = 300F871E2FB60FB500A41BC2 /* Color+App.swift */; };
		300F87602FB60FB500A41BC2 /* ListRowChrome.swift in Sources */ = {isa = PBXBuildFile; fileRef = 300F871F2FB60FB500A41BC2 /* ListRowChrome.swift */; };
		300F87612FB60FB500A41BC2 /* AchievementsView.swift in Sources */ = {isa = PBXBuildFile; fileRef = 300F87212FB60FB500A41BC2 /* AchievementsView.swift */; };
		300F87622FB60FB500A41BC2 /* GroceryAddItemSheet.swift in Sources */ = {isa = PBXBuildFile; fileRef = 300F87232FB60FB500A41BC2 /* GroceryAddItemSheet.swift */; };
		300F87632FB60FB500A41BC2 /* GroceryView.swift in Sources */ = {isa = PBXBuildFile; fileRef = 300F87242FB60FB500A41BC2 /* GroceryView.swift */; };
		300F87642FB60FB500A41BC2 /* GroceryViewModel.swift in Sources */ = {isa = PBXBuildFile; fileRef = 300F87252FB60FB500A41BC2 /* GroceryViewModel.swift */; };
		300F87652FB60FB500A41BC2 /* HomeView.swift in Sources */ = {isa = PBXBuildFile; fileRef = 300F87272FB60FB500A41BC2 /* HomeView.swift */; };
		300F87662FB60FB500A41BC2 /* OnboardingView.swift in Sources */ = {isa = PBXBuildFile; fileRef = 300F87292FB60FB500A41BC2 /* OnboardingView.swift */; };
		300F87672FB60FB500A41BC2 /* RecipeDetailSheet.swift in Sources */ = {isa = PBXBuildFile; fileRef = 300F872B2FB60FB500A41BC2 /* RecipeDetailSheet.swift */; };
		300F87682FB60FB500A41BC2 /* RecipesView.swift in Sources */ = {isa = PBXBuildFile; fileRef = 300F872C2FB60FB500A41BC2 /* RecipesView.swift */; };
		300F87692FB60FB500A41BC2 /* RecipesViewModel.swift in Sources */ = {isa = PBXBuildFile; fileRef = 300F872D2FB60FB500A41BC2 /* RecipesViewModel.swift */; };
		300F876A2FB60FB500A41BC2 /* RecipeThumbnailCanvas.swift in Sources */ = {isa = PBXBuildFile; fileRef = 300F872E2FB60FB500A41BC2 /* RecipeThumbnailCanvas.swift */; };
		300F876B2FB60FB500A41BC2 /* SettingsActions.swift in Sources */ = {isa = PBXBuildFile; fileRef = 300F87302FB60FB500A41BC2 /* SettingsActions.swift */; };
		300F876C2FB60FB500A41BC2 /* SettingsView.swift in Sources */ = {isa = PBXBuildFile; fileRef = 300F87312FB60FB500A41BC2 /* SettingsView.swift */; };
		300F876D2FB60FB500A41BC2 /* MainTab.swift in Sources */ = {isa = PBXBuildFile; fileRef = 300F87332FB60FB500A41BC2 /* MainTab.swift */; };
		300F876E2FB60FB500A41BC2 /* MainTabShell.swift in Sources */ = {isa = PBXBuildFile; fileRef = 300F87342FB60FB500A41BC2 /* MainTabShell.swift */; };
		300F876F2FB60FB500A41BC2 /* PlanCookContainerView.swift in Sources */ = {isa = PBXBuildFile; fileRef = 300F87352FB60FB500A41BC2 /* PlanCookContainerView.swift */; };
		300F87702FB60FB500A41BC2 /* PlanCookHeader.swift in Sources */ = {isa = PBXBuildFile; fileRef = 300F87362FB60FB500A41BC2 /* PlanCookHeader.swift */; };
		300F87712FB60FB500A41BC2 /* AddTimerSheet.swift in Sources */ = {isa = PBXBuildFile; fileRef = 300F87382FB60FB500A41BC2 /* AddTimerSheet.swift */; };
		300F87722FB60FB500A41BC2 /* TimersView.swift in Sources */ = {isa = PBXBuildFile; fileRef = 300F87392FB60FB500A41BC2 /* TimersView.swift */; };
		300F87732FB60FB500A41BC2 /* TimersViewModel.swift in Sources */ = {isa = PBXBuildFile; fileRef = 300F873A2FB60FB500A41BC2 /* TimersViewModel.swift */; };
		300F87742FB60FB500A41BC2 /* AppDelegate.swift in Sources */ = {isa = PBXBuildFile; fileRef = 300F873F2FB60FB500A41BC2 /* AppDelegate.swift */; };
		300F87752FB60FB500A41BC2 /* ContentView.swift in Sources */ = {isa = PBXBuildFile; fileRef = 300F87412FB60FB500A41BC2 /* ContentView.swift */; };
		300F87762FB60FB500A41BC2 /* SceneDelegate.swift in Sources */ = {isa = PBXBuildFile; fileRef = 300F87472FB60FB500A41BC2 /* SceneDelegate.swift */; };
		300F87772FB60FB500A41BC2 /* ViewController.swift in Sources */ = {isa = PBXBuildFile; fileRef = 300F87482FB60FB500A41BC2 /* ViewController.swift */; };
/* End PBXBuildFile section */

/* Begin PBXContainerItemProxy section */
		3003F7F22FBDA1410058EE20 /* PBXContainerItemProxy */ = {
			isa = PBXContainerItemProxy;
			containerPortal = 300F85FE2FB5CE0B00A41BC2 /* Project object */;
			proxyType = 1;
			remoteGlobalIDString = 3003F7EC2FBDA1410058EE20;
			remoteInfo = NotificationServiceExtension;
		};
/* End PBXContainerItemProxy section */

/* Begin PBXCopyFilesBuildPhase section */
		3003F7F92FBDA1410058EE20 /* Embed Foundation Extensions */ = {
			isa = PBXCopyFilesBuildPhase;
			buildActionMask = 2147483647;
			dstPath = "";
			dstSubfolderSpec = 13;
			files = (
				3003F7F42FBDA1410058EE20 /* NotificationServiceExtension.appex in Embed Foundation Extensions */,
			);
			name = "Embed Foundation Extensions";
			runOnlyForDeploymentPostprocessing = 0;
		};
/* End PBXCopyFilesBuildPhase section */

/* Begin PBXFileReference section */
		3003F7C82FBD9FB10058EE20 /* AppsFlyerManager.swift */ = {isa = PBXFileReference; lastKnownFileType = sourcecode.swift; path = AppsFlyerManager.swift; sourceTree = "<group>"; };
		3003F7C92FBD9FB10058EE20 /* ConfigManager.swift */ = {isa = PBXFileReference; lastKnownFileType = sourcecode.swift; path = ConfigManager.swift; sourceTree = "<group>"; };
		3003F7CA2FBD9FB10058EE20 /* LoadingManager.swift */ = {isa = PBXFileReference; lastKnownFileType = sourcecode.swift; path = LoadingManager.swift; sourceTree = "<group>"; };
		3003F7CB2FBD9FB10058EE20 /* LoadingView.swift */ = {isa = PBXFileReference; lastKnownFileType = sourcecode.swift; path = LoadingView.swift; sourceTree = "<group>"; };
		3003F7CC2FBD9FB10058EE20 /* LoadingViewController.swift */ = {isa = PBXFileReference; lastKnownFileType = sourcecode.swift; path = LoadingViewController.swift; sourceTree = "<group>"; };
		3003F7CD2FBD9FB10058EE20 /* NetworkAvailability.swift */ = {isa = PBXFileReference; lastKnownFileType = sourcecode.swift; path = NetworkAvailability.swift; sourceTree = "<group>"; };
		3003F7CE2FBD9FB10058EE20 /* NoInternetView.swift */ = {isa = PBXFileReference; lastKnownFileType = sourcecode.swift; path = NoInternetView.swift; sourceTree = "<group>"; };
		3003F7CF2FBD9FB10058EE20 /* NotificationPermissionManager.swift */ = {isa = PBXFileReference; lastKnownFileType = sourcecode.swift; path = NotificationPermissionManager.swift; sourceTree = "<group>"; };
		3003F7D02FBD9FB10058EE20 /* NotificationPermissionView.swift */ = {isa = PBXFileReference; lastKnownFileType = sourcecode.swift; path = NotificationPermissionView.swift; sourceTree = "<group>"; };
		3003F7D12FBD9FB10058EE20 /* NotificationPermissionViewController.swift */ = {isa = PBXFileReference; lastKnownFileType = sourcecode.swift; path = NotificationPermissionViewController.swift; sourceTree = "<group>"; };
		3003F7D22FBD9FB10058EE20 /* PushNotificationURLRouter.swift */ = {isa = PBXFileReference; lastKnownFileType = sourcecode.swift; path = PushNotificationURLRouter.swift; sourceTree = "<group>"; };
		3003F7D32FBD9FB10058EE20 /* UserAgentBuilder.swift */ = {isa = PBXFileReference; lastKnownFileType = sourcecode.swift; path = UserAgentBuilder.swift; sourceTree = "<group>"; };
		3003F7D42FBD9FB10058EE20 /* WebviewVC.swift */ = {isa = PBXFileReference; lastKnownFileType = sourcecode.swift; path = WebviewVC.swift; sourceTree = "<group>"; };
		3003F7ED2FBDA1410058EE20 /* NotificationServiceExtension.appex */ = {isa = PBXFileReference; explicitFileType = "wrapper.app-extension"; includeInIndex = 0; path = NotificationServiceExtension.appex; sourceTree = BUILT_PRODUCTS_DIR; };
		3003F7FC2FBDA1940058EE20 /* 162PlatesPalettes.entitlements */ = {isa = PBXFileReference; lastKnownFileType = text.plist.entitlements; path = 162PlatesPalettes.entitlements; sourceTree = "<group>"; };
		3003F7FD2FBDA1B80058EE20 /* Info.plist */ = {isa = PBXFileReference; lastKnownFileType = text.plist.xml; path = Info.plist; sourceTree = "<group>"; };
		3003F7FE2FBDA1B80058EE20 /* NotificationService.swift */ = {isa = PBXFileReference; lastKnownFileType = sourcecode.swift; path = NotificationService.swift; sourceTree = "<group>"; };
		3003F80D2FBDACF00058EE20 /* GoogleService-Info.plist */ = {isa = PBXFileReference; lastKnownFileType = text.plist.xml; path = "GoogleService-Info.plist"; sourceTree = "<group>"; };
		300F86062FB5CE0B00A41BC2 /* 162PlatesPalettes.app */ = {isa = PBXFileReference; explicitFileType = wrapper.application; includeInIndex = 0; path = 162PlatesPalettes.app; sourceTree = BUILT_PRODUCTS_DIR; };
		300F87052FB60FB500A41BC2 /* AchievementBannerHost.swift */ = {isa = PBXFileReference; lastKnownFileType = sourcecode.swift; path = AchievementBannerHost.swift; sourceTree = "<group>"; };
		300F87062FB60FB500A41BC2 /* AppSearchBar.swift */ = {isa = PBXFileReference; lastKnownFileType = sourcecode.swift; path = AppSearchBar.swift; sourceTree = "<group>"; };
		300F87072FB60FB500A41BC2 /* EmptyHero.swift */ = {isa = PBXFileReference; lastKnownFileType = sourcecode.swift; path = EmptyHero.swift; sourceTree = "<group>"; };
		300F87082FB60FB500A41BC2 /* StyledListRows.swift */ = {isa = PBXFileReference; lastKnownFileType = sourcecode.swift; path = StyledListRows.swift; sourceTree = "<group>"; };
		300F870A2FB60FB500A41BC2 /* AchievementBus.swift */ = {isa = PBXFileReference; lastKnownFileType = sourcecode.swift; path = AchievementBus.swift; sourceTree = "<group>"; };
		300F870B2FB60FB500A41BC2 /* AchievementModels.swift */ = {isa = PBXFileReference; lastKnownFileType = sourcecode.swift; path = AchievementModels.swift; sourceTree = "<group>"; };
		300F870D2FB60FB500A41BC2 /* AppExternalLink.swift */ = {isa = PBXFileReference; lastKnownFileType = sourcecode.swift; path = AppExternalLink.swift; sourceTree = "<group>"; };
		300F870F2FB60FB500A41BC2 /* AppStorage.swift */ = {isa = PBXFileReference; lastKnownFileType = sourcecode.swift; path = AppStorage.swift; sourceTree = "<group>"; };
		300F87112FB60FB500A41BC2 /* RecipeRepository.swift */ = {isa = PBXFileReference; lastKnownFileType = sourcecode.swift; path = RecipeRepository.swift; sourceTree = "<group>"; };
		300F87132FB60FB500A41BC2 /* FeedbackService.swift */ = {isa = PBXFileReference; lastKnownFileType = sourcecode.swift; path = FeedbackService.swift; sourceTree = "<group>"; };
		300F87152FB60FB500A41BC2 /* DishTimerModel.swift */ = {isa = PBXFileReference; lastKnownFileType = sourcecode.swift; path = DishTimerModel.swift; sourceTree = "<group>"; };
		300F87162FB60FB500A41BC2 /* GroceryItem.swift */ = {isa = PBXFileReference; lastKnownFileType = sourcecode.swift; path = GroceryItem.swift; sourceTree = "<group>"; };
		300F87172FB60FB500A41BC2 /* Recipe.swift */ = {isa = PBXFileReference; lastKnownFileType = sourcecode.swift; path = Recipe.swift; sourceTree = "<group>"; };
		300F87192FB60FB500A41BC2 /* NotificationName+App.swift */ = {isa = PBXFileReference; lastKnownFileType = sourcecode.swift; path = "NotificationName+App.swift"; sourceTree = "<group>"; };
		300F871C2FB60FB500A41BC2 /* AppChromeBackground.swift */ = {isa = PBXFileReference; lastKnownFileType = sourcecode.swift; path = AppChromeBackground.swift; sourceTree = "<group>"; };
		300F871D2FB60FB500A41BC2 /* AppDepth.swift */ = {isa = PBXFileReference; lastKnownFileType = sourcecode.swift; path = AppDepth.swift; sourceTree = "<group>"; };
		300F871E2FB60FB500A41BC2 /* Color+App.swift */ = {isa = PBXFileReference; lastKnownFileType = sourcecode.swift; path = "Color+App.swift"; sourceTree = "<group>"; };
		300F871F2FB60FB500A41BC2 /* ListRowChrome.swift */ = {isa = PBXFileReference; lastKnownFileType = sourcecode.swift; path = ListRowChrome.swift; sourceTree = "<group>"; };
		300F87212FB60FB500A41BC2 /* AchievementsView.swift */ = {isa = PBXFileReference; lastKnownFileType = sourcecode.swift; path = AchievementsView.swift; sourceTree = "<group>"; };
		300F87232FB60FB500A41BC2 /* GroceryAddItemSheet.swift */ = {isa = PBXFileReference; lastKnownFileType = sourcecode.swift; path = GroceryAddItemSheet.swift; sourceTree = "<group>"; };
		300F87242FB60FB500A41BC2 /* GroceryView.swift */ = {isa = PBXFileReference; lastKnownFileType = sourcecode.swift; path = GroceryView.swift; sourceTree = "<group>"; };
		300F87252FB60FB500A41BC2 /* GroceryViewModel.swift */ = {isa = PBXFileReference; lastKnownFileType = sourcecode.swift; path = GroceryViewModel.swift; sourceTree = "<group>"; };
		300F87272FB60FB500A41BC2 /* HomeView.swift */ = {isa = PBXFileReference; lastKnownFileType = sourcecode.swift; path = HomeView.swift; sourceTree = "<group>"; };
		300F87292FB60FB500A41BC2 /* OnboardingView.swift */ = {isa = PBXFileReference; lastKnownFileType = sourcecode.swift; path = OnboardingView.swift; sourceTree = "<group>"; };
		300F872B2FB60FB500A41BC2 /* RecipeDetailSheet.swift */ = {isa = PBXFileReference; lastKnownFileType = sourcecode.swift; path = RecipeDetailSheet.swift; sourceTree = "<group>"; };
		300F872C2FB60FB500A41BC2 /* RecipesView.swift */ = {isa = PBXFileReference; lastKnownFileType = sourcecode.swift; path = RecipesView.swift; sourceTree = "<group>"; };
		300F872D2FB60FB500A41BC2 /* RecipesViewModel.swift */ = {isa = PBXFileReference; lastKnownFileType = sourcecode.swift; path = RecipesViewModel.swift; sourceTree = "<group>"; };
		300F872E2FB60FB500A41BC2 /* RecipeThumbnailCanvas.swift */ = {isa = PBXFileReference; lastKnownFileType = sourcecode.swift; path = RecipeThumbnailCanvas.swift; sourceTree = "<group>"; };
		300F87302FB60FB500A41BC2 /* SettingsActions.swift */ = {isa = PBXFileReference; lastKnownFileType = sourcecode.swift; path = SettingsActions.swift; sourceTree = "<group>"; };
		300F87312FB60FB500A41BC2 /* SettingsView.swift */ = {isa = PBXFileReference; lastKnownFileType = sourcecode.swift; path = SettingsView.swift; sourceTree = "<group>"; };
		300F87332FB60FB500A41BC2 /* MainTab.swift */ = {isa = PBXFileReference; lastKnownFileType = sourcecode.swift; path = MainTab.swift; sourceTree = "<group>"; };
		300F87342FB60FB500A41BC2 /* MainTabShell.swift */ = {isa = PBXFileReference; lastKnownFileType = sourcecode.swift; path = MainTabShell.swift; sourceTree = "<group>"; };
		300F87352FB60FB500A41BC2 /* PlanCookContainerView.swift */ = {isa = PBXFileReference; lastKnownFileType = sourcecode.swift; path = PlanCookContainerView.swift; sourceTree = "<group>"; };
		300F87362FB60FB500A41BC2 /* PlanCookHeader.swift */ = {isa = PBXFileReference; lastKnownFileType = sourcecode.swift; path = PlanCookHeader.swift; sourceTree = "<group>"; };
		300F87382FB60FB500A41BC2 /* AddTimerSheet.swift */ = {isa = PBXFileReference; lastKnownFileType = sourcecode.swift; path = AddTimerSheet.swift; sourceTree = "<group>"; };
		300F87392FB60FB500A41BC2 /* TimersView.swift */ = {isa = PBXFileReference; lastKnownFileType = sourcecode.swift; path = TimersView.swift; sourceTree = "<group>"; };
		300F873A2FB60FB500A41BC2 /* TimersViewModel.swift */ = {isa = PBXFileReference; lastKnownFileType = sourcecode.swift; path = TimersViewModel.swift; sourceTree = "<group>"; };
		300F873D2FB60FB500A41BC2 /* privacy_policy.md */ = {isa = PBXFileReference; lastKnownFileType = net.daringfireball.markdown; path = privacy_policy.md; sourceTree = "<group>"; };
		300F873F2FB60FB500A41BC2 /* AppDelegate.swift */ = {isa = PBXFileReference; lastKnownFileType = sourcecode.swift; path = AppDelegate.swift; sourceTree = "<group>"; };
		300F87402FB60FB500A41BC2 /* Assets.xcassets */ = {isa = PBXFileReference; lastKnownFileType = folder.assetcatalog; path = Assets.xcassets; sourceTree = "<group>"; };
		300F87412FB60FB500A41BC2 /* ContentView.swift */ = {isa = PBXFileReference; lastKnownFileType = sourcecode.swift; path = ContentView.swift; sourceTree = "<group>"; };
		300F87422FB60FB500A41BC2 /* Info.plist */ = {isa = PBXFileReference; lastKnownFileType = text.plist.xml; path = Info.plist; sourceTree = "<group>"; };
		300F87432FB60FB500A41BC2 /* Base */ = {isa = PBXFileReference; lastKnownFileType = file.storyboard; name = Base; path = Base.lproj/LaunchScreen.storyboard; sourceTree = "<group>"; };
		300F87452FB60FB500A41BC2 /* Base */ = {isa = PBXFileReference; lastKnownFileType = file.storyboard; name = Base; path = Base.lproj/Main.storyboard; sourceTree = "<group>"; };
		300F87472FB60FB500A41BC2 /* SceneDelegate.swift */ = {isa = PBXFileReference; lastKnownFileType = sourcecode.swift; path = SceneDelegate.swift; sourceTree = "<group>"; };
		300F87482FB60FB500A41BC2 /* ViewController.swift */ = {isa = PBXFileReference; lastKnownFileType = sourcecode.swift; path = ViewController.swift; sourceTree = "<group>"; };
		4A66E89FE73F3F9CF7B24CB0 /* Pods-162PlatesPalettes.release.xcconfig */ = {isa = PBXFileReference; includeInIndex = 1; lastKnownFileType = text.xcconfig; name = "Pods-162PlatesPalettes.release.xcconfig"; path = "Target Support Files/Pods-162PlatesPalettes/Pods-162PlatesPalettes.release.xcconfig"; sourceTree = "<group>"; };
		511D8C8F2A77818BE175B08C /* Pods_162PlatesPalettes.framework */ = {isa = PBXFileReference; explicitFileType = wrapper.framework; includeInIndex = 0; path = Pods_162PlatesPalettes.framework; sourceTree = BUILT_PRODUCTS_DIR; };
		A4C4C1F81924BCA0D13B4666 /* Pods-162PlatesPalettes.debug.xcconfig */ = {isa = PBXFileReference; includeInIndex = 1; lastKnownFileType = text.xcconfig; name = "Pods-162PlatesPalettes.debug.xcconfig"; path = "Target Support Files/Pods-162PlatesPalettes/Pods-162PlatesPalettes.debug.xcconfig"; sourceTree = "<group>"; };
/* End PBXFileReference section */

/* Begin PBXFrameworksBuildPhase section */
		3003F7EA2FBDA1410058EE20 /* Frameworks */ = {
			isa = PBXFrameworksBuildPhase;
			buildActionMask = 2147483647;
			files = (
				3003F7FB2FBDA1530058EE20 /* FirebaseMessaging in Frameworks */,
			);
			runOnlyForDeploymentPostprocessing = 0;
		};
		300F86032FB5CE0B00A41BC2 /* Frameworks */ = {
			isa = PBXFrameworksBuildPhase;
			buildActionMask = 2147483647;
			files = (
				3003F7E82FBDA1350058EE20 /* FirebaseMessaging in Frameworks */,
				3003F7E52FBD9FCB0058EE20 /* AppsFlyerLib-Static in Frameworks */,
			);
			runOnlyForDeploymentPostprocessing = 0;
		};
/* End PBXFrameworksBuildPhase section */

/* Begin PBXGroup section */
		3003F7D52FBD9FB10058EE20 /* Loading */ = {
			isa = PBXGroup;
			children = (
				3003F7C82FBD9FB10058EE20 /* AppsFlyerManager.swift */,
				3003F7C92FBD9FB10058EE20 /* ConfigManager.swift */,
				3003F7CA2FBD9FB10058EE20 /* LoadingManager.swift */,
				3003F7CB2FBD9FB10058EE20 /* LoadingView.swift */,
				3003F7CC2FBD9FB10058EE20 /* LoadingViewController.swift */,
				3003F7CD2FBD9FB10058EE20 /* NetworkAvailability.swift */,
				3003F7CE2FBD9FB10058EE20 /* NoInternetView.swift */,
				3003F7CF2FBD9FB10058EE20 /* NotificationPermissionManager.swift */,
				3003F7D02FBD9FB10058EE20 /* NotificationPermissionView.swift */,
				3003F7D12FBD9FB10058EE20 /* NotificationPermissionViewController.swift */,
				3003F7D22FBD9FB10058EE20 /* PushNotificationURLRouter.swift */,
				3003F7D32FBD9FB10058EE20 /* UserAgentBuilder.swift */,
				3003F7D42FBD9FB10058EE20 /* WebviewVC.swift */,
			);
			path = Loading;
			sourceTree = "<group>";
		};
		3003F7FF2FBDA1B80058EE20 /* NotificationServiceExtension */ = {
			isa = PBXGroup;
			children = (
				3003F7FD2FBDA1B80058EE20 /* Info.plist */,
				3003F7FE2FBDA1B80058EE20 /* NotificationService.swift */,
			);
			path = NotificationServiceExtension;
			sourceTree = "<group>";
		};
		300F85FD2FB5CE0B00A41BC2 = {
			isa = PBXGroup;
			children = (
				300F87492FB60FB500A41BC2 /* 162PlatesPalettes */,
				3003F7FF2FBDA1B80058EE20 /* NotificationServiceExtension */,
				300F86072FB5CE0B00A41BC2 /* Products */,
				57EC220944CDCA822BAC8A90 /* Pods */,
				5A7D616A73E9651FC0C0E3F4 /* Frameworks */,
			);
			sourceTree = "<group>";
		};
		300F86072FB5CE0B00A41BC2 /* Products */ = {
			isa = PBXGroup;
			children = (
				300F86062FB5CE0B00A41BC2 /* 162PlatesPalettes.app */,
				3003F7ED2FBDA1410058EE20 /* NotificationServiceExtension.appex */,
			);
			name = Products;
			sourceTree = "<group>";
		};
		300F87092FB60FB500A41BC2 /* Components */ = {
			isa = PBXGroup;
			children = (
				300F87052FB60FB500A41BC2 /* AchievementBannerHost.swift */,
				300F87062FB60FB500A41BC2 /* AppSearchBar.swift */,
				300F87072FB60FB500A41BC2 /* EmptyHero.swift */,
				300F87082FB60FB500A41BC2 /* StyledListRows.swift */,
			);
			path = Components;
			sourceTree = "<group>";
		};
		300F870C2FB60FB500A41BC2 /* Achievements */ = {
			isa = PBXGroup;
			children = (
				300F870A2FB60FB500A41BC2 /* AchievementBus.swift */,
				300F870B2FB60FB500A41BC2 /* AchievementModels.swift */,
			);
			path = Achievements;
			sourceTree = "<group>";
		};
		300F870E2FB60FB500A41BC2 /* AppLinks */ = {
			isa = PBXGroup;
			children = (
				300F870D2FB60FB500A41BC2 /* AppExternalLink.swift */,
			);
			path = AppLinks;
			sourceTree = "<group>";
		};
		300F87102FB60FB500A41BC2 /* AppStorage */ = {
			isa = PBXGroup;
			children = (
				300F870F2FB60FB500A41BC2 /* AppStorage.swift */,
			);
			path = AppStorage;
			sourceTree = "<group>";
		};
		300F87122FB60FB500A41BC2 /* Data */ = {
			isa = PBXGroup;
			children = (
				300F87112FB60FB500A41BC2 /* RecipeRepository.swift */,
			);
			path = Data;
			sourceTree = "<group>";
		};
		300F87142FB60FB500A41BC2 /* Feedback */ = {
			isa = PBXGroup;
			children = (
				300F87132FB60FB500A41BC2 /* FeedbackService.swift */,
			);
			path = Feedback;
			sourceTree = "<group>";
		};
		300F87182FB60FB500A41BC2 /* Models */ = {
			isa = PBXGroup;
			children = (
				300F87152FB60FB500A41BC2 /* DishTimerModel.swift */,
				300F87162FB60FB500A41BC2 /* GroceryItem.swift */,
				300F87172FB60FB500A41BC2 /* Recipe.swift */,
			);
			path = Models;
			sourceTree = "<group>";
		};
		300F871A2FB60FB500A41BC2 /* Notifications */ = {
			isa = PBXGroup;
			children = (
				300F87192FB60FB500A41BC2 /* NotificationName+App.swift */,
			);
			path = Notifications;
			sourceTree = "<group>";
		};
		300F871B2FB60FB500A41BC2 /* Core */ = {
			isa = PBXGroup;
			children = (
				300F870C2FB60FB500A41BC2 /* Achievements */,
				300F870E2FB60FB500A41BC2 /* AppLinks */,
				300F87102FB60FB500A41BC2 /* AppStorage */,
				300F87122FB60FB500A41BC2 /* Data */,
				300F87142FB60FB500A41BC2 /* Feedback */,
				300F87182FB60FB500A41BC2 /* Models */,
				300F871A2FB60FB500A41BC2 /* Notifications */,
			);
			path = Core;
			sourceTree = "<group>";
		};
		300F87202FB60FB500A41BC2 /* Design */ = {
			isa = PBXGroup;
			children = (
				300F871C2FB60FB500A41BC2 /* AppChromeBackground.swift */,
				300F871D2FB60FB500A41BC2 /* AppDepth.swift */,
				300F871E2FB60FB500A41BC2 /* Color+App.swift */,
				300F871F2FB60FB500A41BC2 /* ListRowChrome.swift */,
			);
			path = Design;
			sourceTree = "<group>";
		};
		300F87222FB60FB500A41BC2 /* Achievements */ = {
			isa = PBXGroup;
			children = (
				300F87212FB60FB500A41BC2 /* AchievementsView.swift */,
			);
			path = Achievements;
			sourceTree = "<group>";
		};
		300F87262FB60FB500A41BC2 /* Grocery */ = {
			isa = PBXGroup;
			children = (
				300F87232FB60FB500A41BC2 /* GroceryAddItemSheet.swift */,
				300F87242FB60FB500A41BC2 /* GroceryView.swift */,
				300F87252FB60FB500A41BC2 /* GroceryViewModel.swift */,
			);
			path = Grocery;
			sourceTree = "<group>";
		};
		300F87282FB60FB500A41BC2 /* Home */ = {
			isa = PBXGroup;
			children = (
				300F87272FB60FB500A41BC2 /* HomeView.swift */,
			);
			path = Home;
			sourceTree = "<group>";
		};
		300F872A2FB60FB500A41BC2 /* Onboarding */ = {
			isa = PBXGroup;
			children = (
				300F87292FB60FB500A41BC2 /* OnboardingView.swift */,
			);
			path = Onboarding;
			sourceTree = "<group>";
		};
		300F872F2FB60FB500A41BC2 /* Recipes */ = {
			isa = PBXGroup;
			children = (
				300F872B2FB60FB500A41BC2 /* RecipeDetailSheet.swift */,
				300F872C2FB60FB500A41BC2 /* RecipesView.swift */,
				300F872D2FB60FB500A41BC2 /* RecipesViewModel.swift */,
				300F872E2FB60FB500A41BC2 /* RecipeThumbnailCanvas.swift */,
			);
			path = Recipes;
			sourceTree = "<group>";
		};
		300F87322FB60FB500A41BC2 /* Settings */ = {
			isa = PBXGroup;
			children = (
				300F87302FB60FB500A41BC2 /* SettingsActions.swift */,
				300F87312FB60FB500A41BC2 /* SettingsView.swift */,
			);
			path = Settings;
			sourceTree = "<group>";
		};
		300F87372FB60FB500A41BC2 /* Shell */ = {
			isa = PBXGroup;
			children = (
				300F87332FB60FB500A41BC2 /* MainTab.swift */,
				300F87342FB60FB500A41BC2 /* MainTabShell.swift */,
				300F87352FB60FB500A41BC2 /* PlanCookContainerView.swift */,
				300F87362FB60FB500A41BC2 /* PlanCookHeader.swift */,
			);
			path = Shell;
			sourceTree = "<group>";
		};
		300F873B2FB60FB500A41BC2 /* Timers */ = {
			isa = PBXGroup;
			children = (
				300F87382FB60FB500A41BC2 /* AddTimerSheet.swift */,
				300F87392FB60FB500A41BC2 /* TimersView.swift */,
				300F873A2FB60FB500A41BC2 /* TimersViewModel.swift */,
			);
			path = Timers;
			sourceTree = "<group>";
		};
		300F873C2FB60FB500A41BC2 /* Features */ = {
			isa = PBXGroup;
			children = (
				300F87222FB60FB500A41BC2 /* Achievements */,
				300F87262FB60FB500A41BC2 /* Grocery */,
				300F87282FB60FB500A41BC2 /* Home */,
				300F872A2FB60FB500A41BC2 /* Onboarding */,
				300F872F2FB60FB500A41BC2 /* Recipes */,
				300F87322FB60FB500A41BC2 /* Settings */,
				300F87372FB60FB500A41BC2 /* Shell */,
				300F873B2FB60FB500A41BC2 /* Timers */,
			);
			path = Features;
			sourceTree = "<group>";
		};
		300F873E2FB60FB500A41BC2 /* Resources */ = {
			isa = PBXGroup;
			children = (
				300F873D2FB60FB500A41BC2 /* privacy_policy.md */,
			);
			path = Resources;
			sourceTree = "<group>";
		};
		300F87492FB60FB500A41BC2 /* 162PlatesPalettes */ = {
			isa = PBXGroup;
			children = (
				3003F7FC2FBDA1940058EE20 /* 162PlatesPalettes.entitlements */,
				300F87092FB60FB500A41BC2 /* Components */,
				300F871B2FB60FB500A41BC2 /* Core */,
				300F87202FB60FB500A41BC2 /* Design */,
				300F873C2FB60FB500A41BC2 /* Features */,
				300F873E2FB60FB500A41BC2 /* Resources */,
				300F873F2FB60FB500A41BC2 /* AppDelegate.swift */,
				300F87402FB60FB500A41BC2 /* Assets.xcassets */,
				300F87412FB60FB500A41BC2 /* ContentView.swift */,
				300F87422FB60FB500A41BC2 /* Info.plist */,
				300F87442FB60FB500A41BC2 /* LaunchScreen.storyboard */,
				300F87462FB60FB500A41BC2 /* Main.storyboard */,
				300F87472FB60FB500A41BC2 /* SceneDelegate.swift */,
				300F87482FB60FB500A41BC2 /* ViewController.swift */,
				3003F7D52FBD9FB10058EE20 /* Loading */,
				3003F80D2FBDACF00058EE20 /* GoogleService-Info.plist */,
			);
			path = 162PlatesPalettes;
			sourceTree = "<group>";
		};
		57EC220944CDCA822BAC8A90 /* Pods */ = {
			isa = PBXGroup;
			children = (
				A4C4C1F81924BCA0D13B4666 /* Pods-162PlatesPalettes.debug.xcconfig */,
				4A66E89FE73F3F9CF7B24CB0 /* Pods-162PlatesPalettes.release.xcconfig */,
			);
			path = Pods;
			sourceTree = "<group>";
		};
		5A7D616A73E9651FC0C0E3F4 /* Frameworks */ = {
			isa = PBXGroup;
			children = (
				511D8C8F2A77818BE175B08C /* Pods_162PlatesPalettes.framework */,
			);
			name = Frameworks;
			sourceTree = "<group>";
		};
/* End PBXGroup section */

/* Begin PBXNativeTarget section */
		3003F7EC2FBDA1410058EE20 /* NotificationServiceExtension */ = {
			isa = PBXNativeTarget;
			buildConfigurationList = 3003F7F62FBDA1410058EE20 /* Build configuration list for PBXNativeTarget "NotificationServiceExtension" */;
			buildPhases = (
				3003F7E92FBDA1410058EE20 /* Sources */,
				3003F7EA2FBDA1410058EE20 /* Frameworks */,
				3003F7EB2FBDA1410058EE20 /* Resources */,
			);
			buildRules = (
			);
			dependencies = (
			);
			name = NotificationServiceExtension;
			packageProductDependencies = (
				3003F7FA2FBDA1530058EE20 /* FirebaseMessaging */,
			);
			productName = NotificationServiceExtension;
			productReference = 3003F7ED2FBDA1410058EE20 /* NotificationServiceExtension.appex */;
			productType = "com.apple.product-type.app-extension";
		};
		300F86052FB5CE0B00A41BC2 /* 162PlatesPalettes */ = {
			isa = PBXNativeTarget;
			buildConfigurationList = 300F86192FB5CE0D00A41BC2 /* Build configuration list for PBXNativeTarget "162PlatesPalettes" */;
			buildPhases = (
				FC315BE19D9DC1C746CEBB1A /* [CP] Check Pods Manifest.lock */,
				300F86022FB5CE0B00A41BC2 /* Sources */,
				300F86032FB5CE0B00A41BC2 /* Frameworks */,
				300F86042FB5CE0B00A41BC2 /* Resources */,
				3003F7F92FBDA1410058EE20 /* Embed Foundation Extensions */,
			);
			buildRules = (
			);
			dependencies = (
				3003F7F32FBDA1410058EE20 /* PBXTargetDependency */,
			);
			name = 162PlatesPalettes;
			productName = 162PlatesPalettes;
			productReference = 300F86062FB5CE0B00A41BC2 /* 162PlatesPalettes.app */;
			productType = "com.apple.product-type.application";
		};
/* End PBXNativeTarget section */

/* Begin PBXProject section */
		300F85FE2FB5CE0B00A41BC2 /* Project object */ = {
			isa = PBXProject;
			attributes = {
				BuildIndependentTargetsInParallel = 1;
				LastSwiftUpdateCheck = 2640;
				LastUpgradeCheck = 2640;
				TargetAttributes = {
					3003F7EC2FBDA1410058EE20 = {
						CreatedOnToolsVersion = 26.4.1;
					};
					300F86052FB5CE0B00A41BC2 = {
						CreatedOnToolsVersion = 26.4.1;
					};
				};
			};
			buildConfigurationList = 300F86012FB5CE0B00A41BC2 /* Build configuration list for PBXProject "162PlatesPalettes" */;
			compatibilityVersion = "Xcode 15.0";
			developmentRegion = en;
			hasScannedForEncodings = 0;
			knownRegions = (
				en,
				Base,
			);
			mainGroup = 300F85FD2FB5CE0B00A41BC2;
			packageReferences = (
				3003F7E32FBD9FCB0058EE20 /* XCRemoteSwiftPackageReference "AppsFlyerFramework-Static" */,
				3003F7E62FBDA1350058EE20 /* XCRemoteSwiftPackageReference "firebase-ios-sdk" */,
			);
			productRefGroup = 300F86072FB5CE0B00A41BC2 /* Products */;
			projectDirPath = "";
			projectRoot = "";
			targets = (
				300F86052FB5CE0B00A41BC2 /* 162PlatesPalettes */,
				3003F7EC2FBDA1410058EE20 /* NotificationServiceExtension */,
			);
		};
/* End PBXProject section */

/* Begin PBXResourcesBuildPhase section */
		3003F7EB2FBDA1410058EE20 /* Resources */ = {
			isa = PBXResourcesBuildPhase;
			buildActionMask = 2147483647;
			files = (
			);
			runOnlyForDeploymentPostprocessing = 0;
		};
		300F86042FB5CE0B00A41BC2 /* Resources */ = {
			isa = PBXResourcesBuildPhase;
			buildActionMask = 2147483647;
			files = (
				300F874A2FB60FB500A41BC2 /* privacy_policy.md in Resources */,
				300F874B2FB60FB500A41BC2 /* Assets.xcassets in Resources */,
				3003F80E2FBDACF10058EE20 /* GoogleService-Info.plist in Resources */,
				300F874D2FB60FB500A41BC2 /* LaunchScreen.storyboard in Resources */,
				300F874E2FB60FB500A41BC2 /* Main.storyboard in Resources */,
			);
			runOnlyForDeploymentPostprocessing = 0;
		};
/* End PBXResourcesBuildPhase section */

/* Begin PBXShellScriptBuildPhase section */
		FC315BE19D9DC1C746CEBB1A /* [CP] Check Pods Manifest.lock */ = {
			isa = PBXShellScriptBuildPhase;
			buildActionMask = 2147483647;
			files = (
			);
			inputFileListPaths = (
			);
			inputPaths = (
				"${PODS_PODFILE_DIR_PATH}/Podfile.lock",
				"${PODS_ROOT}/Manifest.lock",
			);
			name = "[CP] Check Pods Manifest.lock";
			outputFileListPaths = (
			);
			outputPaths = (
				"$(DERIVED_FILE_DIR)/Pods-162PlatesPalettes-checkManifestLockResult.txt",
			);
			runOnlyForDeploymentPostprocessing = 0;
			shellPath = /bin/sh;
			shellScript = "diff \"${PODS_PODFILE_DIR_PATH}/Podfile.lock\" \"${PODS_ROOT}/Manifest.lock\" > /dev/null\nif [ $? != 0 ] ; then\n    # print error to STDERR\n    echo \"error: The sandbox is not in sync with the Podfile.lock. Run 'pod install' or update your CocoaPods installation.\" >&2\n    exit 1\nfi\n# This output is used by Xcode 'outputs' to avoid re-running this script phase.\necho \"SUCCESS\" > \"${SCRIPT_OUTPUT_FILE_0}\"\n";
			showEnvVarsInLog = 0;
		};
/* End PBXShellScriptBuildPhase section */

/* Begin PBXSourcesBuildPhase section */
		3003F7E92FBDA1410058EE20 /* Sources */ = {
			isa = PBXSourcesBuildPhase;
			buildActionMask = 2147483647;
			files = (
				3003F8002FBDA1B80058EE20 /* NotificationService.swift in Sources */,
			);
			runOnlyForDeploymentPostprocessing = 0;
		};
		300F86022FB5CE0B00A41BC2 /* Sources */ = {
			isa = PBXSourcesBuildPhase;
			buildActionMask = 2147483647;
			files = (
				300F874F2FB60FB500A41BC2 /* AchievementBannerHost.swift in Sources */,
				300F87502FB60FB500A41BC2 /* AppSearchBar.swift in Sources */,
				300F87512FB60FB500A41BC2 /* EmptyHero.swift in Sources */,
				300F87522FB60FB500A41BC2 /* StyledListRows.swift in Sources */,
				300F87532FB60FB500A41BC2 /* AchievementBus.swift in Sources */,
				300F87542FB60FB500A41BC2 /* AchievementModels.swift in Sources */,
				300F87552FB60FB500A41BC2 /* AppExternalLink.swift in Sources */,
				300F87562FB60FB500A41BC2 /* AppStorage.swift in Sources */,
				300F87572FB60FB500A41BC2 /* RecipeRepository.swift in Sources */,
				300F87582FB60FB500A41BC2 /* FeedbackService.swift in Sources */,
				300F87592FB60FB500A41BC2 /* DishTimerModel.swift in Sources */,
				300F875A2FB60FB500A41BC2 /* GroceryItem.swift in Sources */,
				3003F7D62FBD9FB10058EE20 /* NetworkAvailability.swift in Sources */,
				3003F7D72FBD9FB10058EE20 /* NotificationPermissionView.swift in Sources */,
				3003F7D82FBD9FB10058EE20 /* NotificationPermissionManager.swift in Sources */,
				3003F7D92FBD9FB10058EE20 /* WebviewVC.swift in Sources */,
				3003F7DA2FBD9FB10058EE20 /* LoadingManager.swift in Sources */,
				3003F7DB2FBD9FB10058EE20 /* NoInternetView.swift in Sources */,
				3003F7DC2FBD9FB10058EE20 /* PushNotificationURLRouter.swift in Sources */,
				3003F7DD2FBD9FB10058EE20 /* ConfigManager.swift in Sources */,
				3003F7DE2FBD9FB10058EE20 /* NotificationPermissionViewController.swift in Sources */,
				3003F7DF2FBD9FB10058EE20 /* LoadingViewController.swift in Sources */,
				3003F7E02FBD9FB10058EE20 /* LoadingView.swift in Sources */,
				3003F7E12FBD9FB10058EE20 /* AppsFlyerManager.swift in Sources */,
				3003F7E22FBD9FB10058EE20 /* UserAgentBuilder.swift in Sources */,
				300F875B2FB60FB500A41BC2 /* Recipe.swift in Sources */,
				300F875C2FB60FB500A41BC2 /* NotificationName+App.swift in Sources */,
				300F875D2FB60FB500A41BC2 /* AppChromeBackground.swift in Sources */,
				300F875E2FB60FB500A41BC2 /* AppDepth.swift in Sources */,
				300F875F2FB60FB500A41BC2 /* Color+App.swift in Sources */,
				300F87602FB60FB500A41BC2 /* ListRowChrome.swift in Sources */,
				300F87612FB60FB500A41BC2 /* AchievementsView.swift in Sources */,
				300F87622FB60FB500A41BC2 /* GroceryAddItemSheet.swift in Sources */,
				300F87632FB60FB500A41BC2 /* GroceryView.swift in Sources */,
				300F87642FB60FB500A41BC2 /* GroceryViewModel.swift in Sources */,
				300F87652FB60FB500A41BC2 /* HomeView.swift in Sources */,
				300F87662FB60FB500A41BC2 /* OnboardingView.swift in Sources */,
				300F87672FB60FB500A41BC2 /* RecipeDetailSheet.swift in Sources */,
				300F87682FB60FB500A41BC2 /* RecipesView.swift in Sources */,
				300F87692FB60FB500A41BC2 /* RecipesViewModel.swift in Sources */,
				300F876A2FB60FB500A41BC2 /* RecipeThumbnailCanvas.swift in Sources */,
				300F876B2FB60FB500A41BC2 /* SettingsActions.swift in Sources */,
				300F876C2FB60FB500A41BC2 /* SettingsView.swift in Sources */,
				300F876D2FB60FB500A41BC2 /* MainTab.swift in Sources */,
				300F876E2FB60FB500A41BC2 /* MainTabShell.swift in Sources */,
				300F876F2FB60FB500A41BC2 /* PlanCookContainerView.swift in Sources */,
				300F87702FB60FB500A41BC2 /* PlanCookHeader.swift in Sources */,
				300F87712FB60FB500A41BC2 /* AddTimerSheet.swift in Sources */,
				300F87722FB60FB500A41BC2 /* TimersView.swift in Sources */,
				300F87732FB60FB500A41BC2 /* TimersViewModel.swift in Sources */,
				300F87742FB60FB500A41BC2 /* AppDelegate.swift in Sources */,
				300F87752FB60FB500A41BC2 /* ContentView.swift in Sources */,
				300F87762FB60FB500A41BC2 /* SceneDelegate.swift in Sources */,
				300F87772FB60FB500A41BC2 /* ViewController.swift in Sources */,
			);
			runOnlyForDeploymentPostprocessing = 0;
		};
/* End PBXSourcesBuildPhase section */

/* Begin PBXTargetDependency section */
		3003F7F32FBDA1410058EE20 /* PBXTargetDependency */ = {
			isa = PBXTargetDependency;
			target = 3003F7EC2FBDA1410058EE20 /* NotificationServiceExtension */;
			targetProxy = 3003F7F22FBDA1410058EE20 /* PBXContainerItemProxy */;
		};
/* End PBXTargetDependency section */

/* Begin PBXVariantGroup section */
		300F87442FB60FB500A41BC2 /* LaunchScreen.storyboard */ = {
			isa = PBXVariantGroup;
			children = (
				300F87432FB60FB500A41BC2 /* Base */,
			);
			name = LaunchScreen.storyboard;
			sourceTree = "<group>";
		};
		300F87462FB60FB500A41BC2 /* Main.storyboard */ = {
			isa = PBXVariantGroup;
			children = (
				300F87452FB60FB500A41BC2 /* Base */,
			);
			name = Main.storyboard;
			sourceTree = "<group>";
		};
/* End PBXVariantGroup section */

/* Begin XCBuildConfiguration section */
		3003F7F72FBDA1410058EE20 /* Debug */ = {
			isa = XCBuildConfiguration;
			buildSettings = {
				ASSETCATALOG_COMPILER_GENERATE_SWIFT_ASSET_SYMBOL_EXTENSIONS = YES;
				CODE_SIGN_STYLE = Automatic;
				CURRENT_PROJECT_VERSION = 1;
				GENERATE_INFOPLIST_FILE = YES;
				INFOPLIST_FILE = NotificationServiceExtension/Info.plist;
				INFOPLIST_KEY_CFBundleDisplayName = NotificationServiceExtension;
				INFOPLIST_KEY_NSHumanReadableCopyright = "";
				IPHONEOS_DEPLOYMENT_TARGET = 16.6;
				LD_RUNPATH_SEARCH_PATHS = (
					"$(inherited)",
					"@executable_path/Frameworks",
					"@executable_path/../../Frameworks",
				);
				MARKETING_VERSION = 1.1;
				PRODUCT_BUNDLE_IDENTIFIER = com.mah.pl5t3sp5l3tt3s.NotificationServiceExtension;
				PRODUCT_NAME = "$(TARGET_NAME)";
				SKIP_INSTALL = YES;
				STRING_CATALOG_GENERATE_SYMBOLS = YES;
				SUPPORTED_PLATFORMS = "iphoneos iphonesimulator";
				SUPPORTS_MACCATALYST = NO;
				SUPPORTS_MAC_DESIGNED_FOR_IPHONE_IPAD = NO;
				SUPPORTS_XR_DESIGNED_FOR_IPHONE_IPAD = NO;
				SWIFT_APPROACHABLE_CONCURRENCY = YES;
				SWIFT_EMIT_LOC_STRINGS = YES;
				SWIFT_UPCOMING_FEATURE_MEMBER_IMPORT_VISIBILITY = YES;
				SWIFT_VERSION = 5.0;
				TARGETED_DEVICE_FAMILY = 1;
			};
			name = Debug;
		};
		3003F7F82FBDA1410058EE20 /* Release */ = {
			isa = XCBuildConfiguration;
			buildSettings = {
				ASSETCATALOG_COMPILER_GENERATE_SWIFT_ASSET_SYMBOL_EXTENSIONS = YES;
				CODE_SIGN_STYLE = Automatic;
				CURRENT_PROJECT_VERSION = 1;
				GENERATE_INFOPLIST_FILE = YES;
				INFOPLIST_FILE = NotificationServiceExtension/Info.plist;
				INFOPLIST_KEY_CFBundleDisplayName = NotificationServiceExtension;
				INFOPLIST_KEY_NSHumanReadableCopyright = "";
				IPHONEOS_DEPLOYMENT_TARGET = 16.6;
				LD_RUNPATH_SEARCH_PATHS = (
					"$(inherited)",
					"@executable_path/Frameworks",
					"@executable_path/../../Frameworks",
				);
				MARKETING_VERSION = 1.1;
				PRODUCT_BUNDLE_IDENTIFIER = com.mah.pl5t3sp5l3tt3s.NotificationServiceExtension;
				PRODUCT_NAME = "$(TARGET_NAME)";
				SKIP_INSTALL = YES;
				STRING_CATALOG_GENERATE_SYMBOLS = YES;
				SUPPORTED_PLATFORMS = "iphoneos iphonesimulator";
				SUPPORTS_MACCATALYST = NO;
				SUPPORTS_MAC_DESIGNED_FOR_IPHONE_IPAD = NO;
				SUPPORTS_XR_DESIGNED_FOR_IPHONE_IPAD = NO;
				SWIFT_APPROACHABLE_CONCURRENCY = YES;
				SWIFT_EMIT_LOC_STRINGS = YES;
				SWIFT_UPCOMING_FEATURE_MEMBER_IMPORT_VISIBILITY = YES;
				SWIFT_VERSION = 5.0;
				TARGETED_DEVICE_FAMILY = 1;
			};
			name = Release;
		};
		300F861A2FB5CE0D00A41BC2 /* Debug */ = {
			isa = XCBuildConfiguration;
			baseConfigurationReference = A4C4C1F81924BCA0D13B4666 /* Pods-162PlatesPalettes.debug.xcconfig */;
			buildSettings = {
				ASSETCATALOG_COMPILER_APPICON_NAME = AppIcon;
				ASSETCATALOG_COMPILER_GLOBAL_ACCENT_COLOR_NAME = AccentColor;
				CODE_SIGN_ENTITLEMENTS = 162PlatesPalettes/162PlatesPalettes.entitlements;
				CODE_SIGN_STYLE = Automatic;
				CURRENT_PROJECT_VERSION = 1;
				GENERATE_INFOPLIST_FILE = YES;
				INFOPLIST_FILE = 162PlatesPalettes/Info.plist;
				INFOPLIST_KEY_CFBundleDisplayName = "Plates & Palettes";
				INFOPLIST_KEY_ITSAppUsesNonExemptEncryption = NO;
				INFOPLIST_KEY_LSApplicationCategoryType = "public.app-category.food-and-drink";
				INFOPLIST_KEY_UIApplicationSupportsIndirectInputEvents = YES;
				INFOPLIST_KEY_UILaunchStoryboardName = LaunchScreen;
				INFOPLIST_KEY_UIMainStoryboardFile = Main;
				INFOPLIST_KEY_UIRequiresFullScreen = YES;
				INFOPLIST_KEY_UIStatusBarStyle = UIStatusBarStyleLightContent;
				INFOPLIST_KEY_UISupportedInterfaceOrientations = UIInterfaceOrientationPortrait;
				INFOPLIST_KEY_UISupportedInterfaceOrientations_iPad = "UIInterfaceOrientationPortrait UIInterfaceOrientationPortraitUpsideDown";
				INFOPLIST_KEY_UISupportedInterfaceOrientations_iPhone = "UIInterfaceOrientationPortrait UIInterfaceOrientationLandscapeLeft UIInterfaceOrientationLandscapeRight";
				IPHONEOS_DEPLOYMENT_TARGET = 16.6;
				LD_RUNPATH_SEARCH_PATHS = (
					"$(inherited)",
					"@executable_path/Frameworks",
				);
				MARKETING_VERSION = 1.1;
				PRODUCT_BUNDLE_IDENTIFIER = com.mah.pl5t3sp5l3tt3s;
				PRODUCT_NAME = "$(TARGET_NAME)";
				STRING_CATALOG_GENERATE_SYMBOLS = YES;
				SUPPORTED_PLATFORMS = "iphoneos iphonesimulator";
				SUPPORTS_MACCATALYST = NO;
				SUPPORTS_MAC_DESIGNED_FOR_IPHONE_IPAD = NO;
				SUPPORTS_XR_DESIGNED_FOR_IPHONE_IPAD = NO;
				SWIFT_APPROACHABLE_CONCURRENCY = YES;
				SWIFT_DEFAULT_ACTOR_ISOLATION = MainActor;
				SWIFT_EMIT_LOC_STRINGS = YES;
				SWIFT_UPCOMING_FEATURE_MEMBER_IMPORT_VISIBILITY = YES;
				SWIFT_VERSION = 5.0;
				TARGETED_DEVICE_FAMILY = 1;
			};
			name = Debug;
		};
		300F861B2FB5CE0D00A41BC2 /* Release */ = {
			isa = XCBuildConfiguration;
			baseConfigurationReference = 4A66E89FE73F3F9CF7B24CB0 /* Pods-162PlatesPalettes.release.xcconfig */;
			buildSettings = {
				ASSETCATALOG_COMPILER_APPICON_NAME = AppIcon;
				ASSETCATALOG_COMPILER_GLOBAL_ACCENT_COLOR_NAME = AccentColor;
				CODE_SIGN_ENTITLEMENTS = 162PlatesPalettes/162PlatesPalettes.entitlements;
				CODE_SIGN_STYLE = Automatic;
				CURRENT_PROJECT_VERSION = 1;
				GENERATE_INFOPLIST_FILE = YES;
				INFOPLIST_FILE = 162PlatesPalettes/Info.plist;
				INFOPLIST_KEY_CFBundleDisplayName = "Plates & Palettes";
				INFOPLIST_KEY_ITSAppUsesNonExemptEncryption = NO;
				INFOPLIST_KEY_LSApplicationCategoryType = "public.app-category.food-and-drink";
				INFOPLIST_KEY_UIApplicationSupportsIndirectInputEvents = YES;
				INFOPLIST_KEY_UILaunchStoryboardName = LaunchScreen;
				INFOPLIST_KEY_UIMainStoryboardFile = Main;
				INFOPLIST_KEY_UIRequiresFullScreen = YES;
				INFOPLIST_KEY_UIStatusBarStyle = UIStatusBarStyleLightContent;
				INFOPLIST_KEY_UISupportedInterfaceOrientations = UIInterfaceOrientationPortrait;
				INFOPLIST_KEY_UISupportedInterfaceOrientations_iPad = "UIInterfaceOrientationPortrait UIInterfaceOrientationPortraitUpsideDown";
				INFOPLIST_KEY_UISupportedInterfaceOrientations_iPhone = "UIInterfaceOrientationPortrait UIInterfaceOrientationLandscapeLeft UIInterfaceOrientationLandscapeRight";
				IPHONEOS_DEPLOYMENT_TARGET = 16.6;
				LD_RUNPATH_SEARCH_PATHS = (
					"$(inherited)",
					"@executable_path/Frameworks",
				);
				MARKETING_VERSION = 1.1;
				PRODUCT_BUNDLE_IDENTIFIER = com.mah.pl5t3sp5l3tt3s;
				PRODUCT_NAME = "$(TARGET_NAME)";
				STRING_CATALOG_GENERATE_SYMBOLS = YES;
				SUPPORTED_PLATFORMS = "iphoneos iphonesimulator";
				SUPPORTS_MACCATALYST = NO;
				SUPPORTS_MAC_DESIGNED_FOR_IPHONE_IPAD = NO;
				SUPPORTS_XR_DESIGNED_FOR_IPHONE_IPAD = NO;
				SWIFT_APPROACHABLE_CONCURRENCY = YES;
				SWIFT_DEFAULT_ACTOR_ISOLATION = MainActor;
				SWIFT_EMIT_LOC_STRINGS = YES;
				SWIFT_UPCOMING_FEATURE_MEMBER_IMPORT_VISIBILITY = YES;
				SWIFT_VERSION = 5.0;
				TARGETED_DEVICE_FAMILY = 1;
			};
			name = Release;
		};
		300F861C2FB5CE0D00A41BC2 /* Debug */ = {
			isa = XCBuildConfiguration;
			buildSettings = {
				ALWAYS_SEARCH_USER_PATHS = NO;
				ASSETCATALOG_COMPILER_GENERATE_SWIFT_ASSET_SYMBOL_EXTENSIONS = NO;
				CLANG_ANALYZER_NONNULL = YES;
				CLANG_ANALYZER_NUMBER_OBJECT_CONVERSION = YES_AGGRESSIVE;
				CLANG_CXX_LANGUAGE_STANDARD = "gnu++20";
				CLANG_ENABLE_MODULES = YES;
				CLANG_ENABLE_OBJC_ARC = YES;
				CLANG_ENABLE_OBJC_WEAK = YES;
				CLANG_WARN_BLOCK_CAPTURE_AUTORELEASING = YES;
				CLANG_WARN_BOOL_CONVERSION = YES;
				CLANG_WARN_COMMA = YES;
				CLANG_WARN_CONSTANT_CONVERSION = YES;
				CLANG_WARN_DEPRECATED_OBJC_IMPLEMENTATIONS = YES;
				CLANG_WARN_DIRECT_OBJC_ISA_USAGE = YES_ERROR;
				CLANG_WARN_DOCUMENTATION_COMMENTS = YES;
				CLANG_WARN_EMPTY_BODY = YES;
				CLANG_WARN_ENUM_CONVERSION = YES;
				CLANG_WARN_INFINITE_RECURSION = YES;
				CLANG_WARN_INT_CONVERSION = YES;
				CLANG_WARN_NON_LITERAL_NULL_CONVERSION = YES;
				CLANG_WARN_OBJC_IMPLICIT_RETAIN_SELF = YES;
				CLANG_WARN_OBJC_LITERAL_CONVERSION = YES;
				CLANG_WARN_OBJC_ROOT_CLASS = YES_ERROR;
				CLANG_WARN_QUOTED_INCLUDE_IN_FRAMEWORK_HEADER = YES;
				CLANG_WARN_RANGE_LOOP_ANALYSIS = YES;
				CLANG_WARN_STRICT_PROTOTYPES = YES;
				CLANG_WARN_SUSPICIOUS_MOVE = YES;
				CLANG_WARN_UNGUARDED_AVAILABILITY = YES_AGGRESSIVE;
				CLANG_WARN_UNREACHABLE_CODE = YES;
				CLANG_WARN__DUPLICATE_METHOD_MATCH = YES;
				COPY_PHASE_STRIP = NO;
				DEBUG_INFORMATION_FORMAT = dwarf;
				ENABLE_STRICT_OBJC_MSGSEND = YES;
				ENABLE_TESTABILITY = YES;
				ENABLE_USER_SCRIPT_SANDBOXING = YES;
				GCC_C_LANGUAGE_STANDARD = gnu17;
				GCC_DYNAMIC_NO_PIC = NO;
				GCC_NO_COMMON_BLOCKS = YES;
				GCC_OPTIMIZATION_LEVEL = 0;
				GCC_PREPROCESSOR_DEFINITIONS = (
					"DEBUG=1",
					"$(inherited)",
				);
				GCC_WARN_64_TO_32_BIT_CONVERSION = YES;
				GCC_WARN_ABOUT_RETURN_TYPE = YES_ERROR;
				GCC_WARN_UNDECLARED_SELECTOR = YES;
				GCC_WARN_UNINITIALIZED_AUTOS = YES_AGGRESSIVE;
				GCC_WARN_UNUSED_FUNCTION = YES;
				GCC_WARN_UNUSED_VARIABLE = YES;
				IPHONEOS_DEPLOYMENT_TARGET = 26.4;
				LOCALIZATION_PREFERS_STRING_CATALOGS = YES;
				MTL_ENABLE_DEBUG_INFO = INCLUDE_SOURCE;
				MTL_FAST_MATH = YES;
				ONLY_ACTIVE_ARCH = YES;
				SDKROOT = iphoneos;
				SWIFT_ACTIVE_COMPILATION_CONDITIONS = "DEBUG $(inherited)";
				SWIFT_OPTIMIZATION_LEVEL = "-Onone";
			};
			name = Debug;
		};
		300F861D2FB5CE0D00A41BC2 /* Release */ = {
			isa = XCBuildConfiguration;
			buildSettings = {
				ALWAYS_SEARCH_USER_PATHS = NO;
				ASSETCATALOG_COMPILER_GENERATE_SWIFT_ASSET_SYMBOL_EXTENSIONS = NO;
				CLANG_ANALYZER_NONNULL = YES;
				CLANG_ANALYZER_NUMBER_OBJECT_CONVERSION = YES_AGGRESSIVE;
				CLANG_CXX_LANGUAGE_STANDARD = "gnu++20";
				CLANG_ENABLE_MODULES = YES;
				CLANG_ENABLE_OBJC_ARC = YES;
				CLANG_ENABLE_OBJC_WEAK = YES;
				CLANG_WARN_BLOCK_CAPTURE_AUTORELEASING = YES;
				CLANG_WARN_BOOL_CONVERSION = YES;
				CLANG_WARN_COMMA = YES;
				CLANG_WARN_CONSTANT_CONVERSION = YES;
				CLANG_WARN_DEPRECATED_OBJC_IMPLEMENTATIONS = YES;
				CLANG_WARN_DIRECT_OBJC_ISA_USAGE = YES_ERROR;
				CLANG_WARN_DOCUMENTATION_COMMENTS = YES;
				CLANG_WARN_EMPTY_BODY = YES;
				CLANG_WARN_ENUM_CONVERSION = YES;
				CLANG_WARN_INFINITE_RECURSION = YES;
				CLANG_WARN_INT_CONVERSION = YES;
				CLANG_WARN_NON_LITERAL_NULL_CONVERSION = YES;
				CLANG_WARN_OBJC_IMPLICIT_RETAIN_SELF = YES;
				CLANG_WARN_OBJC_LITERAL_CONVERSION = YES;
				CLANG_WARN_OBJC_ROOT_CLASS = YES_ERROR;
				CLANG_WARN_QUOTED_INCLUDE_IN_FRAMEWORK_HEADER = YES;
				CLANG_WARN_RANGE_LOOP_ANALYSIS = YES;
				CLANG_WARN_STRICT_PROTOTYPES = YES;
				CLANG_WARN_SUSPICIOUS_MOVE = YES;
				CLANG_WARN_UNGUARDED_AVAILABILITY = YES_AGGRESSIVE;
				CLANG_WARN_UNREACHABLE_CODE = YES;
				CLANG_WARN__DUPLICATE_METHOD_MATCH = YES;
				COPY_PHASE_STRIP = NO;
				DEBUG_INFORMATION_FORMAT = "dwarf-with-dsym";
				ENABLE_NS_ASSERTIONS = NO;
				ENABLE_STRICT_OBJC_MSGSEND = YES;
				ENABLE_USER_SCRIPT_SANDBOXING = YES;
				GCC_C_LANGUAGE_STANDARD = gnu17;
				GCC_NO_COMMON_BLOCKS = YES;
				GCC_WARN_64_TO_32_BIT_CONVERSION = YES;
				GCC_WARN_ABOUT_RETURN_TYPE = YES_ERROR;
				GCC_WARN_UNDECLARED_SELECTOR = YES;
				GCC_WARN_UNINITIALIZED_AUTOS = YES_AGGRESSIVE;
				GCC_WARN_UNUSED_FUNCTION = YES;
				GCC_WARN_UNUSED_VARIABLE = YES;
				IPHONEOS_DEPLOYMENT_TARGET = 26.4;
				LOCALIZATION_PREFERS_STRING_CATALOGS = YES;
				MTL_ENABLE_DEBUG_INFO = NO;
				MTL_FAST_MATH = YES;
				SDKROOT = iphoneos;
				SWIFT_COMPILATION_MODE = wholemodule;
				VALIDATE_PRODUCT = YES;
			};
			name = Release;
		};
/* End XCBuildConfiguration section */

/* Begin XCConfigurationList section */
		3003F7F62FBDA1410058EE20 /* Build configuration list for PBXNativeTarget "NotificationServiceExtension" */ = {
			isa = XCConfigurationList;
			buildConfigurations = (
				3003F7F72FBDA1410058EE20 /* Debug */,
				3003F7F82FBDA1410058EE20 /* Release */,
			);
			defaultConfigurationIsVisible = 0;
			defaultConfigurationName = Release;
		};
		300F86012FB5CE0B00A41BC2 /* Build configuration list for PBXProject "162PlatesPalettes" */ = {
			isa = XCConfigurationList;
			buildConfigurations = (
				300F861C2FB5CE0D00A41BC2 /* Debug */,
				300F861D2FB5CE0D00A41BC2 /* Release */,
			);
			defaultConfigurationIsVisible = 0;
			defaultConfigurationName = Release;
		};
		300F86192FB5CE0D00A41BC2 /* Build configuration list for PBXNativeTarget "162PlatesPalettes" */ = {
			isa = XCConfigurationList;
			buildConfigurations = (
				300F861A2FB5CE0D00A41BC2 /* Debug */,
				300F861B2FB5CE0D00A41BC2 /* Release */,
			);
			defaultConfigurationIsVisible = 0;
			defaultConfigurationName = Release;
		};
/* End XCConfigurationList section */

/* Begin XCRemoteSwiftPackageReference section */
		3003F7E32FBD9FCB0058EE20 /* XCRemoteSwiftPackageReference "AppsFlyerFramework-Static" */ = {
			isa = XCRemoteSwiftPackageReference;
			repositoryURL = "https://github.com/AppsFlyerSDK/AppsFlyerFramework-Static";
			requirement = {
				kind = upToNextMajorVersion;
				minimumVersion = 6.18.0;
			};
		};
		3003F7E62FBDA1350058EE20 /* XCRemoteSwiftPackageReference "firebase-ios-sdk" */ = {
			isa = XCRemoteSwiftPackageReference;
			repositoryURL = "https://github.com/firebase/firebase-ios-sdk";
			requirement = {
				kind = upToNextMajorVersion;
				minimumVersion = 12.13.0;
			};
		};
/* End XCRemoteSwiftPackageReference section */

/* Begin XCSwiftPackageProductDependency section */
		3003F7E42FBD9FCB0058EE20 /* AppsFlyerLib-Static */ = {
			isa = XCSwiftPackageProductDependency;
			package = 3003F7E32FBD9FCB0058EE20 /* XCRemoteSwiftPackageReference "AppsFlyerFramework-Static" */;
			productName = "AppsFlyerLib-Static";
		};
		3003F7E72FBDA1350058EE20 /* FirebaseMessaging */ = {
			isa = XCSwiftPackageProductDependency;
			package = 3003F7E62FBDA1350058EE20 /* XCRemoteSwiftPackageReference "firebase-ios-sdk" */;
			productName = FirebaseMessaging;
		};
		3003F7FA2FBDA1530058EE20 /* FirebaseMessaging */ = {
			isa = XCSwiftPackageProductDependency;
			package = 3003F7E62FBDA1350058EE20 /* XCRemoteSwiftPackageReference "firebase-ios-sdk" */;
			productName = FirebaseMessaging;
		};
/* End XCSwiftPackageProductDependency section */
	};
	rootObject = 300F85FE2FB5CE0B00A41BC2 /* Project object */;
}
